// !$*UTF8*$!
{
	archiveVersion = 1;
	classes = {
	};
	objectVersion = 55;
	objects = {

/* Begin PBXBuildFile section */
		BA7984A82797848F00CAB040 /* AppDelegate.swift in Sources */ = {isa = PBXBuildFile; fileRef = BA7984A72797848F00CAB040 /* AppDelegate.swift */; };
		BA7984AA2797848F00CAB040 /* SceneDelegate.swift in Sources */ = {isa = PBXBuildFile; fileRef = BA7984A92797848F00CAB040 /* SceneDelegate.swift */; };
		BA7984AC2797848F00CAB040 /* ViewController.swift in Sources */ = {isa = PBXBuildFile; fileRef = BA7984AB2797848F00CAB040 /* ViewController.swift */; };
		BA7984AF2797848F00CAB040 /* Main.storyboard in Resources */ = {isa = PBXBuildFile; fileRef = BA7984AD2797848F00CAB040 /* Main.storyboard */; };
		BA7984B22797848F00CAB040 /* labtest1_sandeepkaur_827424.xcdatamodeld in Sources */ = {isa = PBXBuildFile; fileRef = BA7984B02797848F00CAB040 /* labtest1_sandeepkaur_827424.xcdatamodeld */; };
		BA7984B42797849000CAB040 /* Assets.xcassets in Resources */ = {isa = PBXBuildFile; fileRef = BA7984B32797849000CAB040 /* Assets.xcassets */; };
		BA7984B72797849000CAB040 /* LaunchScreen.storyboard in Resources */ = {isa = PBXBuildFile; fileRef = BA7984B52797849000CAB040 /* LaunchScreen.storyboard */; };
		BA7984C22797849000CAB040 /* labtest1_sandeepkaur_827424Tests.swift in Sources */ = {isa = PBXBuildFile; fileRef = BA7984C12797849000CAB040 /* labtest1_sandeepkaur_827424Tests.swift */; };
		BA7984CC2797849000CAB040 /* labtest1_sandeepkaur_827424UITests.swift in Sources */ = {isa = PBXBuildFile; fileRef = BA7984CB2797849000CAB040 /* labtest1_sandeepkaur_827424UITests.swift */; };
		BA7984CE2797849000CAB040 /* labtest1_sandeepkaur_827424UITestsLaunchTests.swift in Sources */ = {isa = PBXBuildFile; fileRef = BA7984CD2797849000CAB040 /* labtest1_sandeepkaur_827424UITestsLaunchTests.swift */; };
		BA7984DB2797865500CAB040 /* cross.png in Resources */ = {isa = PBXBuildFile; fileRef = BA7984DA2797865500CAB040 /* cross.png */; };
		BA7984DD2797866600CAB040 /* board.png in Resources */ = {isa = PBXBuildFile; fileRef = BA7984DC2797866600CAB040 /* board.png */; };
		BA7984DF2797867800CAB040 /* nought.png in Resources */ = {isa = PBXBuildFile; fileRef = BA7984DE2797867800CAB040 /* nought.png */; };
/* End PBXBuildFile section */

/* Begin PBXContainerItemProxy section */
		BA7984BE2797849000CAB040 /* PBXContainerItemProxy */ = {
			isa = PBXContainerItemProxy;
			containerPortal = BA79849C2797848F00CAB040 /* Project object */;
			proxyType = 1;
			remoteGlobalIDString = BA7984A32797848F00CAB040;
			remoteInfo = labtest1_sandeepkaur_827424;
		};
		BA7984C82797849000CAB040 /* PBXContainerItemProxy */ = {
			isa = PBXContainerItemProxy;
			containerPortal = BA79849C2797848F00CAB040 /* Project object */;
			proxyType = 1;
			remoteGlobalIDString = BA7984A32797848F00CAB040;
			remoteInfo = labtest1_sandeepkaur_827424;
		};
/* End PBXContainerItemProxy section */

/* Begin PBXFileReference section */
		BA7984A42797848F00CAB040 /* labtest1_sandeepkaur_827424.app */ = {isa = PBXFileReference; explicitFileType = wrapper.application; includeInIndex = 0; path = labtest1_sandeepkaur_827424.app; sourceTree = BUILT_PRODUCTS_DIR; };
		BA7984A72797848F00CAB040 /* AppDelegate.swift */ = {isa = PBXFileReference; lastKnownFileType = sourcecode.swift; path = AppDelegate.swift; sourceTree = "<group>"; };
		BA7984A92797848F00CAB040 /* SceneDelegate.swift */ = {isa = PBXFileReference; lastKnownFileType = sourcecode.swift; path = SceneDelegate.swift; sourceTree = "<group>"; };
		BA7984AB2797848F00CAB040 /* ViewController.swift */ = {isa = PBXFileReference; lastKnownFileType = sourcecode.swift; path = ViewController.swift; sourceTree = "<group>"; };
		BA7984AE2797848F00CAB040 /* Base */ = {isa = PBXFileReference; lastKnownFileType = file.storyboard; name = Base; path = Base.lproj/Main.storyboard; sourceTree = "<group>"; };
		BA7984B12797848F00CAB040 /* labtest1_sandeepkaur_827424.xcdatamodel */ = {isa = PBXFileReference; lastKnownFileType = wrapper.xcdatamodel; path = labtest1_sandeepkaur_827424.xcdatamodel; sourceTree = "<group>"; };
		BA7984B32797849000CAB040 /* Assets.xcassets */ = {isa = PBXFileReference; lastKnownFileType = folder.assetcatalog; path = Assets.xcassets; sourceTree = "<group>"; };
		BA7984B62797849000CAB040 /* Base */ = {isa = PBXFileReference; lastKnownFileType = file.storyboard; name = Base; path = Base.lproj/LaunchScreen.storyboard; sourceTree = "<group>"; };
		BA7984B82797849000CAB040 /* Info.plist */ = {isa = PBXFileReference; lastKnownFileType = text.plist.xml; path = Info.plist; sourceTree = "<group>"; };
		BA7984BD2797849000CAB040 /* labtest1_sandeepkaur_827424Tests.xctest */ = {isa = PBXFileReference; explicitFileType = wrapper.cfbundle; includeInIndex = 0; path = labtest1_sandeepkaur_827424Tests.xctest; sourceTree = BUILT_PRODUCTS_DIR; };
		BA7984C12797849000CAB040 /* labtest1_sandeepkaur_827424Tests.swift */ = {isa = PBXFileReference; lastKnownFileType = sourcecode.swift; path = labtest1_sandeepkaur_827424Tests.swift; sourceTree = "<group>"; };
		BA7984C72797849000CAB040 /* labtest1_sandeepkaur_827424UITests.xctest */ = {isa = PBXFileReference; explicitFileType = wrapper.cfbundle; includeInIndex = 0; path = labtest1_sandeepkaur_827424UITests.xctest; sourceTree = BUILT_PRODUCTS_DIR; };
		BA7984CB2797849000CAB040 /* labtest1_sandeepkaur_827424UITests.swift */ = {isa = PBXFileReference; lastKnownFileType = sourcecode.swift; path = labtest1_sandeepkaur_827424UITests.swift; sourceTree = "<group>"; };
		BA7984CD2797849000CAB040 /* labtest1_sandeepkaur_827424UITestsLaunchTests.swift */ = {isa = PBXFileReference; lastKnownFileType = sourcecode.swift; path = labtest1_sandeepkaur_827424UITestsLaunchTests.swift; sourceTree = "<group>"; };
		BA7984DA2797865500CAB040 /* cross.png */ = {isa = PBXFileReference; lastKnownFileType = image.png; name = cross.png; path = ../../cross.png; sourceTree = "<group>"; };
		BA7984DC2797866600CAB040 /* board.png */ = {isa = PBXFileReference; lastKnownFileType = image.png; name = board.png; path = ../../board.png; sourceTree = "<group>"; };
		BA7984DE2797867800CAB040 /* nought.png */ = {isa = PBXFileReference; lastKnownFileType = image.png; name = nought.png; path = ../../nought.png; sourceTree = "<group>"; };
/* End PBXFileReference section */

/* Begin PBXFrameworksBuildPhase section */
		BA7984A12797848F00CAB040 /* Frameworks */ = {
			isa = PBXFrameworksBuildPhase;
			buildActionMask = 2147483647;
			files = (
			);
			runOnlyForDeploymentPostprocessing = 0;
		};
		BA7984BA2797849000CAB040 /* Frameworks */ = {
			isa = PBXFrameworksBuildPhase;
			buildActionMask = 2147483647;
			files = (
			);
			runOnlyForDeploymentPostprocessing = 0;
		};
		BA7984C42797849000CAB040 /* Frameworks */ = {
			isa = PBXFrameworksBuildPhase;
			buildActionMask = 2147483647;
			files = (
			);
			runOnlyForDeploymentPostprocessing = 0;
		};
/* End PBXFrameworksBuildPhase section */

/* Begin PBXGroup section */
		BA79849B2797848F00CAB040 = {
			isa = PBXGroup;
			children = (
				BA7984A62797848F00CAB040 /* labtest1_sandeepkaur_827424 */,
				BA7984C02797849000CAB040 /* labtest1_sandeepkaur_827424Tests */,
				BA7984CA2797849000CAB040 /* labtest1_sandeepkaur_827424UITests */,
				BA7984A52797848F00CAB040 /* Products */,
			);
			sourceTree = "<group>";
		};
		BA7984A52797848F00CAB040 /* Products */ = {
			isa = PBXGroup;
			children = (
				BA7984A42797848F00CAB040 /* labtest1_sandeepkaur_827424.app */,
				BA7984BD2797849000CAB040 /* labtest1_sandeepkaur_827424Tests.xctest */,
				BA7984C72797849000CAB040 /* labtest1_sandeepkaur_827424UITests.xctest */,
			);
			name = Products;
			sourceTree = "<group>";
		};
		BA7984A62797848F00CAB040 /* labtest1_sandeepkaur_827424 */ = {
			isa = PBXGroup;
			children = (
				BA7984A72797848F00CAB040 /* AppDelegate.swift */,
				BA7984A92797848F00CAB040 /* SceneDelegate.swift */,
				BA7984AB2797848F00CAB040 /* ViewController.swift */,
				BA7984AD2797848F00CAB040 /* Main.storyboard */,
				BA7984DE2797867800CAB040 /* nought.png */,
				BA7984DC2797866600CAB040 /* board.png */,
				BA7984B32797849000CAB040 /* Assets.xcassets */,
				BA7984DA2797865500CAB040 /* cross.png */,
				BA7984B52797849000CAB040 /* LaunchScreen.storyboard */,
				BA7984B82797849000CAB040 /* Info.plist */,
				BA7984B02797848F00CAB040 /* labtest1_sandeepkaur_827424.xcdatamodeld */,
			);
			path = labtest1_sandeepkaur_827424;
			sourceTree = "<group>";
		};
		BA7984C02797849000CAB040 /* labtest1_sandeepkaur_827424Tests */ = {
			isa = PBXGroup;
			children = (
				BA7984C12797849000CAB040 /* labtest1_sandeepkaur_827424Tests.swift */,
			);
			path = labtest1_sandeepkaur_827424Tests;
			sourceTree = "<group>";
		};
		BA7984CA2797849000CAB040 /* labtest1_sandeepkaur_827424UITests */ = {
			isa = PBXGroup;
			children = (
				BA7984CB2797849000CAB040 /* labtest1_sandeepkaur_827424UITests.swift */,
				BA7984CD2797849000CAB040 /* labtest1_sandeepkaur_827424UITestsLaunchTests.swift */,
			);
			path = labtest1_sandeepkaur_827424UITests;
			sourceTree = "<group>";
		};
/* End PBXGroup section */

/* Begin PBXNativeTarget section */
		BA7984A32797848F00CAB040 /* labtest1_sandeepkaur_827424 */ = {
			isa = PBXNativeTarget;
			buildConfigurationList = BA7984D12797849000CAB040 /* Build configuration list for PBXNativeTarget "labtest1_sandeepkaur_827424" */;
			buildPhases = (
				BA7984A02797848F00CAB040 /* Sources */,
				BA7984A12797848F00CAB040 /* Frameworks */,
				BA7984A22797848F00CAB040 /* Resources */,
			);
			buildRules = (
			);
			dependencies = (
			);
			name = labtest1_sandeepkaur_827424;
			productName = labtest1_sandeepkaur_827424;
			productReference = BA7984A42797848F00CAB040 /* labtest1_sandeepkaur_827424.app */;
			productType = "com.apple.product-type.application";
		};
		BA7984BC2797849000CAB040 /* labtest1_sandeepkaur_827424Tests */ = {
			isa = PBXNativeTarget;
			buildConfigurationList = BA7984D42797849000CAB040 /* Build configuration list for PBXNativeTarget "labtest1_sandeepkaur_827424Tests" */;
			buildPhases = (
				BA7984B92797849000CAB040 /* Sources */,
				BA7984BA2797849000CAB040 /* Frameworks */,
				BA7984BB2797849000CAB040 /* Resources */,
			);
			buildRules = (
			);
			dependencies = (
				BA7984BF2797849000CAB040 /* PBXTargetDependency */,
			);
			name = labtest1_sandeepkaur_827424Tests;
			productName = labtest1_sandeepkaur_827424Tests;
			productReference = BA7984BD2797849000CAB040 /* labtest1_sandeepkaur_827424Tests.xctest */;
			productType = "com.apple.product-type.bundle.unit-test";
		};
		BA7984C62797849000CAB040 /* labtest1_sandeepkaur_827424UITests */ = {
			isa = PBXNativeTarget;
			buildConfigurationList = BA7984D72797849000CAB040 /* Build configuration list for PBXNativeTarget "labtest1_sandeepkaur_827424UITests" */;
			buildPhases = (
				BA7984C32797849000CAB040 /* Sources */,
				BA7984C42797849000CAB040 /* Frameworks */,
				BA7984C52797849000CAB040 /* Resources */,
			);
			buildRules = (
			);
			dependencies = (
				BA7984C92797849000CAB040 /* PBXTargetDependency */,
			);
			name = labtest1_sandeepkaur_827424UITests;
			productName = labtest1_sandeepkaur_827424UITests;
			productReference = BA7984C72797849000CAB040 /* labtest1_sandeepkaur_827424UITests.xctest */;
			productType = "com.apple.product-type.bundle.ui-testing";
		};
/* End PBXNativeTarget section */

/* Begin PBXProject section */
		BA79849C2797848F00CAB040 /* Project object */ = {
			isa = PBXProject;
			attributes = {
				BuildIndependentTargetsInParallel = 1;
				LastSwiftUpdateCheck = 1300;
				LastUpgradeCheck = 1300;
				TargetAttributes = {
					BA7984A32797848F00CAB040 = {
						CreatedOnToolsVersion = 13.0;
					};
					BA7984BC2797849000CAB040 = {
						CreatedOnToolsVersion = 13.0;
						TestTargetID = BA7984A32797848F00CAB040;
					};
					BA7984C62797849000CAB040 = {
						CreatedOnToolsVersion = 13.0;
						TestTargetID = BA7984A32797848F00CAB040;
					};
				};
			};
			buildConfigurationList = BA79849F2797848F00CAB040 /* Build configuration list for PBXProject "labtest1_sandeepkaur_827424" */;
			compatibilityVersion = "Xcode 13.0";
			developmentRegion = en;
			hasScannedForEncodings = 0;
			knownRegions = (
				en,
				Base,
			);
			mainGroup = BA79849B2797848F00CAB040;
			productRefGroup = BA7984A52797848F00CAB040 /* Products */;
			projectDirPath = "";
			projectRoot = "";
			targets = (
				BA7984A32797848F00CAB040 /* labtest1_sandeepkaur_827424 */,
				BA7984BC2797849000CAB040 /* labtest1_sandeepkaur_827424Tests */,
				BA7984C62797849000CAB040 /* labtest1_sandeepkaur_827424UITests */,
			);
		};
/* End PBXProject section */

/* Begin PBXResourcesBuildPhase section */
		BA7984A22797848F00CAB040 /* Resources */ = {
			isa = PBXResourcesBuildPhase;
			buildActionMask = 2147483647;
			files = (
				BA7984B72797849000CAB040 /* LaunchScreen.storyboard in Resources */,
				BA7984B42797849000CAB040 /* Assets.xcassets in Resources */,
				BA7984DF2797867800CAB040 /* nought.png in Resources */,
				BA7984DB2797865500CAB040 /* cross.png in Resources */,
				BA7984DD2797866600CAB040 /* board.png in Resources */,
				BA7984AF2797848F00CAB040 /* Main.storyboard in Resources */,
			);
			runOnlyForDeploymentPostprocessing = 0;
		};
		BA7984BB2797849000CAB040 /* Resources */ = {
			isa = PBXResourcesBuildPhase;
			buildActionMask = 2147483647;
			files = (
			);
			runOnlyForDeploymentPostprocessing = 0;
		};
		BA7984C52797849000CAB040 /* Resources */ = {
			isa = PBXResourcesBuildPhase;
			buildActionMask = 2147483647;
			files = (
			);
			runOnlyForDeploymentPostprocessing = 0;
		};
/* End PBXResourcesBuildPhase section */

/* Begin PBXSourcesBuildPhase section */
		BA7984A02797848F00CAB040 /* Sources */ = {
			isa = PBXSourcesBuildPhase;
			buildActionMask = 2147483647;
			files = (
				BA7984B22797848F00CAB040 /* labtest1_sandeepkaur_827424.xcdatamodeld in Sources */,
				BA7984AC2797848F00CAB040 /* ViewController.swift in Sources */,
				BA7984A82797848F00CAB040 /* AppDelegate.swift in Sources */,
				BA7984AA2797848F00CAB040 /* SceneDelegate.swift in Sources */,
			);
			runOnlyForDeploymentPostprocessing = 0;
		};
		BA7984B92797849000CAB040 /* Sources */ = {
			isa = PBXSourcesBuildPhase;
			buildActionMask = 2147483647;
			files = (
				BA7984C22797849000CAB040 /* labtest1_sandeepkaur_827424Tests.swift in Sources */,
			);
			runOnlyForDeploymentPostprocessing = 0;
		};
		BA7984C32797849000CAB040 /* Sources */ = {
			isa = PBXSourcesBuildPhase;
			buildActionMask = 2147483647;
			files = (
				BA7984CC2797849000CAB040 /* labtest1_sandeepkaur_827424UITests.swift in Sources */,
				BA7984CE2797849000CAB040 /* labtest1_sandeepkaur_827424UITestsLaunchTests.swift in Sources */,
			);
			runOnlyForDeploymentPostprocessing = 0;
		};
/* End PBXSourcesBuildPhase section */

/* Begin PBXTargetDependency section */
		BA7984BF2797849000CAB040 /* PBXTargetDependency */ = {
			isa = PBXTargetDependency;
			target = BA7984A32797848F00CAB040 /* labtest1_sandeepkaur_827424 */;
			targetProxy = BA7984BE2797849000CAB040 /* PBXContainerItemProxy */;
		};
		BA7984C92797849000CAB040 /* PBXTargetDependency */ = {
			isa = PBXTargetDependency;
			target = BA7984A32797848F00CAB040 /* labtest1_sandeepkaur_827424 */;
			targetProxy = BA7984C82797849000CAB040 /* PBXContainerItemProxy */;
		};
/* End PBXTargetDependency section */

/* Begin PBXVariantGroup section */
		BA7984AD2797848F00CAB040 /* Main.storyboard */ = {
			isa = PBXVariantGroup;
			children = (
				BA7984AE2797848F00CAB040 /* Base */,
			);
			name = Main.storyboard;
			sourceTree = "<group>";
		};
		BA7984B52797849000CAB040 /* LaunchScreen.storyboard */ = {
			isa = PBXVariantGroup;
			children = (
				BA7984B62797849000CAB040 /* Base */,
			);
			name = LaunchScreen.storyboard;
			sourceTree = "<group>";
		};
/* End PBXVariantGroup section */

/* Begin XCBuildConfiguration section */
		BA7984CF2797849000CAB040 /* Debug */ = {
			isa = XCBuildConfiguration;
			buildSettings = {
				ALWAYS_SEARCH_USER_PATHS = NO;
				CLANG_ANALYZER_NONNULL = YES;
				CLANG_ANALYZER_NUMBER_OBJECT_CONVERSION = YES_AGGRESSIVE;
				CLANG_CXX_LANGUAGE_STANDARD = "gnu++17";
				CLANG_CXX_LIBRARY = "libc++";
				CLANG_ENABLE_MODULES = YES;
				CLANG_ENABLE_OBJC_ARC = YES;
				CLANG_ENABLE_OBJC_WEAK = YES;
				CLANG_WARN_BLOCK_CAPTURE_AUTORELEASING = YES;
				CLANG_WARN_BOOL_CONVERSION = YES;
				CLANG_WARN_COMMA = YES;
				CLANG_WARN_CONSTANT_CONVERSION = YES;
				CLANG_WARN_DEPRECATED_OBJC_IMPLEMENTATIONS = YES;
				CLANG_WARN_DIRECT_OBJC_ISA_USAGE = YES_ERROR;
				CLANG_WARN_DOCUMENTATION_COMMENTS = YES;
				CLANG_WARN_EMPTY_BODY = YES;
				CLANG_WARN_ENUM_CONVERSION = YES;
				CLANG_WARN_INFINITE_RECURSION = YES;
				CLANG_WARN_INT_CONVERSION = YES;
				CLANG_WARN_NON_LITERAL_NULL_CONVERSION = YES;
				CLANG_WARN_OBJC_IMPLICIT_RETAIN_SELF = YES;
				CLANG_WARN_OBJC_LITERAL_CONVERSION = YES;
				CLANG_WARN_OBJC_ROOT_CLASS = YES_ERROR;
				CLANG_WARN_QUOTED_INCLUDE_IN_FRAMEWORK_HEADER = YES;
				CLANG_WARN_RANGE_LOOP_ANALYSIS = YES;
				CLANG_WARN_STRICT_PROTOTYPES = YES;
				CLANG_WARN_SUSPICIOUS_MOVE = YES;
				CLANG_WARN_UNGUARDED_AVAILABILITY = YES_AGGRESSIVE;
				CLANG_WARN_UNREACHABLE_CODE = YES;
				CLANG_WARN__DUPLICATE_METHOD_MATCH = YES;
				COPY_PHASE_STRIP = NO;
				DEBUG_INFORMATION_FORMAT = dwarf;
				ENABLE_STRICT_OBJC_MSGSEND = YES;
				ENABLE_TESTABILITY = YES;
				GCC_C_LANGUAGE_STANDARD = gnu11;
				GCC_DYNAMIC_NO_PIC = NO;
				GCC_NO_COMMON_BLOCKS = YES;
				GCC_OPTIMIZATION_LEVEL = 0;
				GCC_PREPROCESSOR_DEFINITIONS = (
					"DEBUG=1",
					"$(inherited)",
				);
				GCC_WARN_64_TO_32_BIT_CONVERSION = YES;
				GCC_WARN_ABOUT_RETURN_TYPE = YES_ERROR;
				GCC_WARN_UNDECLARED_SELECTOR = YES;
				GCC_WARN_UNINITIALIZED_AUTOS = YES_AGGRESSIVE;
				GCC_WARN_UNUSED_FUNCTION = YES;
				GCC_WARN_UNUSED_VARIABLE = YES;
				IPHONEOS_DEPLOYMENT_TARGET = 15.0;
				MTL_ENABLE_DEBUG_INFO = INCLUDE_SOURCE;
				MTL_FAST_MATH = YES;
				ONLY_ACTIVE_ARCH = YES;
				SDKROOT = iphoneos;
				SWIFT_ACTIVE_COMPILATION_CONDITIONS = DEBUG;
				SWIFT_OPTIMIZATION_LEVEL = "-Onone";
			};
			name = Debug;
		};
		BA7984D02797849000CAB040 /* Release */ = {
			isa = XCBuildConfiguration;
			buildSettings = {
				ALWAYS_SEARCH_USER_PATHS = NO;
				CLANG_ANALYZER_NONNULL = YES;
				CLANG_ANALYZER_NUMBER_OBJECT_CONVERSION = YES_AGGRESSIVE;
				CLANG_CXX_LANGUAGE_STANDARD = "gnu++17";
				CLANG_CXX_LIBRARY = "libc++";
				CLANG_ENABLE_MODULES = YES;
				CLANG_ENABLE_OBJC_ARC = YES;
				CLANG_ENABLE_OBJC_WEAK = YES;
				CLANG_WARN_BLOCK_CAPTURE_AUTORELEASING = YES;
				CLANG_WARN_BOOL_CONVERSION = YES;
				CLANG_WARN_COMMA = YES;
				CLANG_WARN_CONSTANT_CONVERSION = YES;
				CLANG_WARN_DEPRECATED_OBJC_IMPLEMENTATIONS = YES;
				CLANG_WARN_DIRECT_OBJC_ISA_USAGE = YES_ERROR;
				CLANG_WARN_DOCUMENTATION_COMMENTS = YES;
				CLANG_WARN_EMPTY_BODY = YES;
				CLANG_WARN_ENUM_CONVERSION = YES;
				CLANG_WARN_INFINITE_RECURSION = YES;
				CLANG_WARN_INT_CONVERSION = YES;
				CLANG_WARN_NON_LITERAL_NULL_CONVERSION = YES;
				CLANG_WARN_OBJC_IMPLICIT_RETAIN_SELF = YES;
				CLANG_WARN_OBJC_LITERAL_CONVERSION = YES;
				CLANG_WARN_OBJC_ROOT_CLASS = YES_ERROR;
				CLANG_WARN_QUOTED_INCLUDE_IN_FRAMEWORK_HEADER = YES;
				CLANG_WARN_RANGE_LOOP_ANALYSIS = YES;
				CLANG_WARN_STRICT_PROTOTYPES = YES;
				CLANG_WARN_SUSPICIOUS_MOVE = YES;
				CLANG_WARN_UNGUARDED_AVAILABILITY = YES_AGGRESSIVE;
				CLANG_WARN_UNREACHABLE_CODE = YES;
				CLANG_WARN__DUPLICATE_METHOD_MATCH = YES;
				COPY_PHASE_STRIP = NO;
				DEBUG_INFORMATION_FORMAT = "dwarf-with-dsym";
				ENABLE_NS_ASSERTIONS = NO;
				ENABLE_STRICT_OBJC_MSGSEND = YES;
				GCC_C_LANGUAGE_STANDARD = gnu11;
				GCC_NO_COMMON_BLOCKS = YES;
				GCC_WARN_64_TO_32_BIT_CONVERSION = YES;
				GCC_WARN_ABOUT_RETURN_TYPE = YES_ERROR;
				GCC_WARN_UNDECLARED_SELECTOR = YES;
				GCC_WARN_UNINITIALIZED_AUTOS = YES_AGGRESSIVE;
				GCC_WARN_UNUSED_FUNCTION = YES;
				GCC_WARN_UNUSED_VARIABLE = YES;
				IPHONEOS_DEPLOYMENT_TARGET = 15.0;
				MTL_ENABLE_DEBUG_INFO = NO;
				MTL_FAST_MATH = YES;
				SDKROOT = iphoneos;
				SWIFT_COMPILATION_MODE = wholemodule;
				SWIFT_OPTIMIZATION_LEVEL = "-O";
				VALIDATE_PRODUCT = YES;
			};
			name = Release;
		};
		BA7984D22797849000CAB040 /* Debug */ = {
			isa = XCBuildConfiguration;
			buildSettings = {
				ASSETCATALOG_COMPILER_APPICON_NAME = AppIcon;
				ASSETCATALOG_COMPILER_GLOBAL_ACCENT_COLOR_NAME = AccentColor;
				CODE_SIGN_STYLE = Automatic;
				CURRENT_PROJECT_VERSION = 1;
				GENERATE_INFOPLIST_FILE = YES;
				INFOPLIST_FILE = labtest1_sandeepkaur_827424/Info.plist;
				INFOPLIST_KEY_UIApplicationSupportsIndirectInputEvents = YES;
				INFOPLIST_KEY_UILaunchStoryboardName = LaunchScreen;
				INFOPLIST_KEY_UIMainStoryboardFile = Main;
				INFOPLIST_KEY_UISupportedInterfaceOrientations_iPad = "UIInterfaceOrientationPortrait UIInterfaceOrientationPortraitUpsideDown UIInterfaceOrientationLandscapeLeft UIInterfaceOrientationLandscapeRight";
				INFOPLIST_KEY_UISupportedInterfaceOrientations_iPhone = "UIInterfaceOrientationPortrait UIInterfaceOrientationLandscapeLeft UIInterfaceOrientationLandscapeRight";
				LD_RUNPATH_SEARCH_PATHS = (
					"$(inherited)",
					"@executable_path/Frameworks",
				);
				MARKETING_VERSION = 1.0;
				PRODUCT_BUNDLE_IDENTIFIER = "sandeep.labtest1-sandeepkaur-827424";
				PRODUCT_NAME = "$(TARGET_NAME)";
				SWIFT_EMIT_LOC_STRINGS = YES;
				SWIFT_VERSION = 5.0;
				TARGETED_DEVICE_FAMILY = "1,2";
			};
			name = Debug;
		};
		BA7984D32797849000CAB040 /* Release */ = {
			isa = XCBuildConfiguration;
			buildSettings = {
				ASSETCATALOG_COMPILER_APPICON_NAME = AppIcon;
				ASSETCATALOG_COMPILER_GLOBAL_ACCENT_COLOR_NAME = AccentColor;
				CODE_SIGN_STYLE = Automatic;
				CURRENT_PROJECT_VERSION = 1;
				GENERATE_INFOPLIST_FILE = YES;
				INFOPLIST_FILE = labtest1_sandeepkaur_827424/Info.plist;
				INFOPLIST_KEY_UIApplicationSupportsIndirectInputEvents = YES;
				INFOPLIST_KEY_UILaunchStoryboardName = LaunchScreen;
				INFOPLIST_KEY_UIMainStoryboardFile = Main;
				INFOPLIST_KEY_UISupportedInterfaceOrientations_iPad = "UIInterfaceOrientationPortrait UIInterfaceOrientationPortraitUpsideDown UIInterfaceOrientationLandscapeLeft UIInterfaceOrientationLandscapeRight";
				INFOPLIST_KEY_UISupportedInterfaceOrientations_iPhone = "UIInterfaceOrientationPortrait UIInterfaceOrientationLandscapeLeft UIInterfaceOrientationLandscapeRight";
				LD_RUNPATH_SEARCH_PATHS = (
					"$(inherited)",
					"@executable_path/Frameworks",
				);
				MARKETING_VERSION = 1.0;
				PRODUCT_BUNDLE_IDENTIFIER = "sandeep.labtest1-sandeepkaur-827424";
				PRODUCT_NAME = "$(TARGET_NAME)";
				SWIFT_EMIT_LOC_STRINGS = YES;
				SWIFT_VERSION = 5.0;
				TARGETED_DEVICE_FAMILY = "1,2";
			};
			name = Release;
		};
		BA7984D52797849000CAB040 /* Debug */ = {
			isa = XCBuildConfiguration;
			buildSettings = {
				ALWAYS_EMBED_SWIFT_STANDARD_LIBRARIES = YES;
				BUNDLE_LOADER = "$(TEST_HOST)";
				CODE_SIGN_STYLE = Automatic;
				CURRENT_PROJECT_VERSION = 1;
				GENERATE_INFOPLIST_FILE = YES;
				IPHONEOS_DEPLOYMENT_TARGET = 15.0;
				LD_RUNPATH_SEARCH_PATHS = (
					"$(inherited)",
					"@executable_path/Frameworks",
					"@loader_path/Frameworks",
				);
				MARKETING_VERSION = 1.0;
				PRODUCT_BUNDLE_IDENTIFIER = "sandeep.labtest1-sandeepkaur-827424Tests";
				PRODUCT_NAME = "$(TARGET_NAME)";
				SWIFT_EMIT_LOC_STRINGS = NO;
				SWIFT_VERSION = 5.0;
				TARGETED_DEVICE_FAMILY = "1,2";
				TEST_HOST = "$(BUILT_PRODUCTS_DIR)/labtest1_sandeepkaur_827424.app/labtest1_sandeepkaur_827424";
			};
			name = Debug;
		};
		BA7984D62797849000CAB040 /* Release */ = {
			isa = XCBuildConfiguration;
			buildSettings = {
				ALWAYS_EMBED_SWIFT_STANDARD_LIBRARIES = YES;
				BUNDLE_LOADER = "$(TEST_HOST)";
				CODE_SIGN_STYLE = Automatic;
				CURRENT_PROJECT_VERSION = 1;
				GENERATE_INFOPLIST_FILE = YES;
				IPHONEOS_DEPLOYMENT_TARGET = 15.0;
				LD_RUNPATH_SEARCH_PATHS = (
					"$(inherited)",
					"@executable_path/Frameworks",
					"@loader_path/Frameworks",
				);
				MARKETING_VERSION = 1.0;
				PRODUCT_BUNDLE_IDENTIFIER = "sandeep.labtest1-sandeepkaur-827424Tests";
				PRODUCT_NAME = "$(TARGET_NAME)";
				SWIFT_EMIT_LOC_STRINGS = NO;
				SWIFT_VERSION = 5.0;
				TARGETED_DEVICE_FAMILY = "1,2";
				TEST_HOST = "$(BUILT_PRODUCTS_DIR)/labtest1_sandeepkaur_827424.app/labtest1_sandeepkaur_827424";
			};
			name = Release;
		};
		BA7984D82797849000CAB040 /* Debug */ = {
			isa = XCBuildConfiguration;
			buildSettings = {
				ALWAYS_EMBED_SWIFT_STANDARD_LIBRARIES = YES;
				CODE_SIGN_STYLE = Automatic;
				CURRENT_PROJECT_VERSION = 1;
				GENERATE_INFOPLIST_FILE = YES;
				LD_RUNPATH_SEARCH_PATHS = (
					"$(inherited)",
					"@executable_path/Frameworks",
					"@loader_path/Frameworks",
				);
				MARKETING_VERSION = 1.0;
				PRODUCT_BUNDLE_IDENTIFIER = "sandeep.labtest1-sandeepkaur-827424UITests";
				PRODUCT_NAME = "$(TARGET_NAME)";
				SWIFT_EMIT_LOC_STRINGS = NO;
				SWIFT_VERSION = 5.0;
				TARGETED_DEVICE_FAMILY = "1,2";
				TEST_TARGET_NAME = labtest1_sandeepkaur_827424;
			};
			name = Debug;
		};
		BA7984D92797849000CAB040 /* Release */ = {
			isa = XCBuildConfiguration;
			buildSettings = {
				ALWAYS_EMBED_SWIFT_STANDARD_LIBRARIES = YES;
				CODE_SIGN_STYLE = Automatic;
				CURRENT_PROJECT_VERSION = 1;
				GENERATE_INFOPLIST_FILE = YES;
				LD_RUNPATH_SEARCH_PATHS = (
					"$(inherited)",
					"@executable_path/Frameworks",
					"@loader_path/Frameworks",
				);
				MARKETING_VERSION = 1.0;
				PRODUCT_BUNDLE_IDENTIFIER = "sandeep.labtest1-sandeepkaur-827424UITests";
				PRODUCT_NAME = "$(TARGET_NAME)";
				SWIFT_EMIT_LOC_STRINGS = NO;
				SWIFT_VERSION = 5.0;
				TARGETED_DEVICE_FAMILY = "1,2";
				TEST_TARGET_NAME = labtest1_sandeepkaur_827424;
			};
			name = Release;
		};
/* End XCBuildConfiguration section */

/* Begin XCConfigurationList section */
		BA79849F2797848F00CAB040 /* Build configuration list for PBXProject "labtest1_sandeepkaur_827424" */ = {
			isa = XCConfigurationList;
			buildConfigurations = (
				BA7984CF2797849000CAB040 /* Debug */,
				BA7984D02797849000CAB040 /* Release */,
			);
			defaultConfigurationIsVisible = 0;
			defaultConfigurationName = Release;
		};
		BA7984D12797849000CAB040 /* Build configuration list for PBXNativeTarget "labtest1_sandeepkaur_827424" */ = {
			isa = XCConfigurationList;
			buildConfigurations = (
				BA7984D22797849000CAB040 /* Debug */,
				BA7984D32797849000CAB040 /* Release */,
			);
			defaultConfigurationIsVisible = 0;
			defaultConfigurationName = Release;
		};
		BA7984D42797849000CAB040 /* Build configuration list for PBXNativeTarget "labtest1_sandeepkaur_827424Tests" */ = {
			isa = XCConfigurationList;
			buildConfigurations = (
				BA7984D52797849000CAB040 /* Debug */,
				BA7984D62797849000CAB040 /* Release */,
			);
			defaultConfigurationIsVisible = 0;
			defaultConfigurationName = Release;
		};
		BA7984D72797849000CAB040 /* Build configuration list for PBXNativeTarget "labtest1_sandeepkaur_827424UITests" */ = {
			isa = XCConfigurationList;
			buildConfigurations = (
				BA7984D82797849000CAB040 /* Debug */,
				BA7984D92797849000CAB040 /* Release */,
			);
			defaultConfigurationIsVisible = 0;
			defaultConfigurationName = Release;
		};
/* End XCConfigurationList section */

/* Begin XCVersionGroup section */
		BA7984B02797848F00CAB040 /* labtest1_sandeepkaur_827424.xcdatamodeld */ = {
			isa = XCVersionGroup;
			children = (
				BA7984B12797848F00CAB040 /* labtest1_sandeepkaur_827424.xcdatamodel */,
			);
			currentVersion = BA7984B12797848F00CAB040 /* labtest1_sandeepkaur_827424.xcdatamodel */;
			path = labtest1_sandeepkaur_827424.xcdatamodeld;
			sourceTree = "<group>";
			versionGroupType = wrapper.xcdatamodel;
		};
/* End XCVersionGroup section */
	};
	rootObject = BA79849C2797848F00CAB040 /* Project object */;
}
